
Microsoft Visual Studio Solution File, Format Version 12.00
# Visual Studio 2012
Project("{FAE04EC0-301F-11D3-BF4B-00C04F79EFBC}") = "CommandPatternDevice", "CommandPatternDevice\CommandPatternDevice.csproj", "{FE9DE7B9-AC5B-43E6-ABED-0441C982973A}"
EndProject
Global
	GlobalSection(SolutionConfigurationPlatforms) = preSolution
		Debug|Any CPU = Debug|Any CPU
		Release|Any CPU = Release|Any CPU
	EndGlobalSection
	GlobalSection(ProjectConfigurationPlatforms) = postSolution
		{FE9DE7B9-AC5B-43E6-ABED-0441C982973A}.Debug|Any CPU.ActiveCfg = Debug|Any CPU
		{FE9DE7B9-AC5B-43E6-ABED-0441C982973A}.Debug|Any CPU.Build.0 = Debug|Any CPU
		{FE9DE7B9-AC5B-43E6-ABED-0441C982973A}.Release|Any CPU.ActiveCfg = Release|Any CPU
		{FE9DE7B9-AC5B-43E6-ABED-0441C982973A}.Release|Any CPU.Build.0 = Release|Any CPU
	EndGlobalSection
	GlobalSection(SolutionProperties) = preSolution
		HideSolutionNode = FALSE
	EndGlobalSection
EndGlobal
